// !$*UTF8*$!
{
	archiveVersion = 1;
	classes = {
	};
	objectVersion = 56;
	objects = {

/* Begin PBXBuildFile section */
		0210D4C82BAD819D00E861A3 /* AuthStore.swift in Sources */ = {isa = PBXBuildFile; fileRef = 0210D4C72BAD819D00E861A3 /* AuthStore.swift */; };
		0210D4CA2BAD81FA00E861A3 /* AuthUseCase.swift in Sources */ = {isa = PBXBuildFile; fileRef = 0210D4C92BAD81FA00E861A3 /* AuthUseCase.swift */; };
		0210D4CC2BAD824300E861A3 /* AuthService.swift in Sources */ = {isa = PBXBuildFile; fileRef = 0210D4CB2BAD824300E861A3 /* AuthService.swift */; };
		0210D4CE2BAD826E00E861A3 /* FirebaseClient.swift in Sources */ = {isa = PBXBuildFile; fileRef = 0210D4CD2BAD826E00E861A3 /* FirebaseClient.swift */; };
		02170BEF2BB10FFE00535C2F /* LoginViewController.swift in Sources */ = {isa = PBXBuildFile; fileRef = 02170BEE2BB10FFE00535C2F /* LoginViewController.swift */; };
		02170BF22BB111EC00535C2F /* LoginView.swift in Sources */ = {isa = PBXBuildFile; fileRef = 02170BF12BB111EC00535C2F /* LoginView.swift */; };
		021B514F2BB29039002DF204 /* OnboardingContainer.swift in Sources */ = {isa = PBXBuildFile; fileRef = 021B514E2BB29039002DF204 /* OnboardingContainer.swift */; };
		022DCA112BC657C100DF3F2F /* FileStorage.swift in Sources */ = {isa = PBXBuildFile; fileRef = 022DCA102BC657C100DF3F2F /* FileStorage.swift */; };
		02418F052BB422F900B6111B /* Tab.swift in Sources */ = {isa = PBXBuildFile; fileRef = 02418F042BB422F900B6111B /* Tab.swift */; };
		02418F092BB4239600B6111B /* MainTabBarController.swift in Sources */ = {isa = PBXBuildFile; fileRef = 02418F082BB4239600B6111B /* MainTabBarController.swift */; };
		02418F0B2BB4250D00B6111B /* ChatsTableViewController.swift in Sources */ = {isa = PBXBuildFile; fileRef = 02418F0A2BB4250D00B6111B /* ChatsTableViewController.swift */; };
		02418F0D2BB4256900B6111B /* ChannelsViewController.swift in Sources */ = {isa = PBXBuildFile; fileRef = 02418F0C2BB4256900B6111B /* ChannelsViewController.swift */; };
		02418F0F2BB4259500B6111B /* UsersViewControlller.swift in Sources */ = {isa = PBXBuildFile; fileRef = 02418F0E2BB4259500B6111B /* UsersViewControlller.swift */; };
		02418F112BB425B200B6111B /* SettingsViewController.swift in Sources */ = {isa = PBXBuildFile; fileRef = 02418F102BB425B200B6111B /* SettingsViewController.swift */; };
		02418F172BB42B7100B6111B /* BaseTableViewController.swift in Sources */ = {isa = PBXBuildFile; fileRef = 02418F162BB42B7100B6111B /* BaseTableViewController.swift */; };
		02418F192BB4540E00B6111B /* BaseTableViewCell.swift in Sources */ = {isa = PBXBuildFile; fileRef = 02418F182BB4540E00B6111B /* BaseTableViewCell.swift */; };
		02418F1B2BB4545A00B6111B /* SettingsNameTableViewCell.swift in Sources */ = {isa = PBXBuildFile; fileRef = 02418F1A2BB4545A00B6111B /* SettingsNameTableViewCell.swift */; };
		02418F1D2BB45D0200B6111B /* EditProfileViewController.swift in Sources */ = {isa = PBXBuildFile; fileRef = 02418F1C2BB45D0200B6111B /* EditProfileViewController.swift */; };
		02418F202BB4E90E00B6111B /* SettingsService.swift in Sources */ = {isa = PBXBuildFile; fileRef = 02418F1F2BB4E90E00B6111B /* SettingsService.swift */; };
		02418F222BB4E9AC00B6111B /* SettingsUseCase.swift in Sources */ = {isa = PBXBuildFile; fileRef = 02418F212BB4E9AC00B6111B /* SettingsUseCase.swift */; };
		02418F242BB4EA0200B6111B /* SettingsStore.swift in Sources */ = {isa = PBXBuildFile; fileRef = 02418F232BB4EA0200B6111B /* SettingsStore.swift */; };
		024B4F7D2BC7844B00E232A2 /* ProfileStatusViewController.swift in Sources */ = {isa = PBXBuildFile; fileRef = 024B4F7C2BC7844B00E232A2 /* ProfileStatusViewController.swift */; };
		024B4F802BC79A7600E232A2 /* ProfileStatusService.swift in Sources */ = {isa = PBXBuildFile; fileRef = 024B4F7F2BC79A7600E232A2 /* ProfileStatusService.swift */; };
		024B4F822BC79A8200E232A2 /* ProfileStatusUseCase.swift in Sources */ = {isa = PBXBuildFile; fileRef = 024B4F812BC79A8200E232A2 /* ProfileStatusUseCase.swift */; };
		024B4F842BC79A9400E232A2 /* ProfileStatusStore.swift in Sources */ = {isa = PBXBuildFile; fileRef = 024B4F832BC79A9400E232A2 /* ProfileStatusStore.swift */; };
		026B93B72BC8E9D0004FF4BC /* UsersService.swift in Sources */ = {isa = PBXBuildFile; fileRef = 026B93B62BC8E9D0004FF4BC /* UsersService.swift */; };
		026B93B92BC8EA7E004FF4BC /* UsersUseCase.swift in Sources */ = {isa = PBXBuildFile; fileRef = 026B93B82BC8EA7E004FF4BC /* UsersUseCase.swift */; };
		026B93BB2BC8EA9F004FF4BC /* UsersStore.swift in Sources */ = {isa = PBXBuildFile; fileRef = 026B93BA2BC8EA9F004FF4BC /* UsersStore.swift */; };
		026B93BD2BC8F63D004FF4BC /* UsersTableViewCell.swift in Sources */ = {isa = PBXBuildFile; fileRef = 026B93BC2BC8F63D004FF4BC /* UsersTableViewCell.swift */; };
		028C04A52BC528CB0021AE72 /* PhotoTableViewCell.swift in Sources */ = {isa = PBXBuildFile; fileRef = 028C04A42BC528CB0021AE72 /* PhotoTableViewCell.swift */; };
		028C04A72BC53CD90021AE72 /* TextFieldTableViewCell.swift in Sources */ = {isa = PBXBuildFile; fileRef = 028C04A62BC53CD90021AE72 /* TextFieldTableViewCell.swift */; };
		028C04A92BC56AD80021AE72 /* EditProfileService.swift in Sources */ = {isa = PBXBuildFile; fileRef = 028C04A82BC56AD80021AE72 /* EditProfileService.swift */; };
		028C04AB2BC56B2E0021AE72 /* EditProfileUseCase.swift in Sources */ = {isa = PBXBuildFile; fileRef = 028C04AA2BC56B2E0021AE72 /* EditProfileUseCase.swift */; };
		028C04AD2BC56BE20021AE72 /* EditProfileStore.swift in Sources */ = {isa = PBXBuildFile; fileRef = 028C04AC2BC56BE20021AE72 /* EditProfileStore.swift */; };
		0291929C2BAA5DC700DD2671 /* BaseView.swift in Sources */ = {isa = PBXBuildFile; fileRef = 0291929B2BAA5DC700DD2671 /* BaseView.swift */; };
		029192A12BAA5EEE00DD2671 /* AuthTextField.swift in Sources */ = {isa = PBXBuildFile; fileRef = 029192A02BAA5EEE00DD2671 /* AuthTextField.swift */; };
		029192A32BAA67E700DD2671 /* BaseViewController.swift in Sources */ = {isa = PBXBuildFile; fileRef = 029192A22BAA67E700DD2671 /* BaseViewController.swift */; };
		029192AA2BABD6FD00DD2671 /* GoogleService-Info.plist in Resources */ = {isa = PBXBuildFile; fileRef = 029192A92BABD6FD00DD2671 /* GoogleService-Info.plist */; };
		029192AD2BABD8C900DD2671 /* AuthStatusSwitch.swift in Sources */ = {isa = PBXBuildFile; fileRef = 029192AC2BABD8C900DD2671 /* AuthStatusSwitch.swift */; };
		029192AF2BAD245100DD2671 /* Store.swift in Sources */ = {isa = PBXBuildFile; fileRef = 029192AE2BAD245100DD2671 /* Store.swift */; };
		02983AC42BC92E0E0011521C /* SnapKit in Frameworks */ = {isa = PBXBuildFile; productRef = 02983AC32BC92E0E0011521C /* SnapKit */; };
		02983AC82BC92E1F0011521C /* FirebaseAuth in Frameworks */ = {isa = PBXBuildFile; productRef = 02983AC72BC92E1F0011521C /* FirebaseAuth */; };
		02983ACA2BC92E290011521C /* FirebaseStorage in Frameworks */ = {isa = PBXBuildFile; productRef = 02983AC92BC92E290011521C /* FirebaseStorage */; };
		02983ACC2BC92E2E0011521C /* FirebaseFirestore in Frameworks */ = {isa = PBXBuildFile; productRef = 02983ACB2BC92E2E0011521C /* FirebaseFirestore */; };
		02983ACE2BC92E340011521C /* FirebaseFirestoreSwift in Frameworks */ = {isa = PBXBuildFile; productRef = 02983ACD2BC92E340011521C /* FirebaseFirestoreSwift */; };
		02983AD02BC943810011521C /* DummyUsers.swift in Sources */ = {isa = PBXBuildFile; fileRef = 02983ACF2BC943810011521C /* DummyUsers.swift */; };
		02A063482BAFB7020037B6E3 /* ProgressHUD+ActivityIndicator.swift in Sources */ = {isa = PBXBuildFile; fileRef = 02A0632B2BAFB7020037B6E3 /* ProgressHUD+ActivityIndicator.swift */; };
		02A063492BAFB7020037B6E3 /* ProgressHUD+BallVerticalBounce.swift in Sources */ = {isa = PBXBuildFile; fileRef = 02A0632C2BAFB7020037B6E3 /* ProgressHUD+BallVerticalBounce.swift */; };
		02A0634A2BAFB7020037B6E3 /* ProgressHUD+BarSweepToggle.swift in Sources */ = {isa = PBXBuildFile; fileRef = 02A0632D2BAFB7020037B6E3 /* ProgressHUD+BarSweepToggle.swift */; };
		02A0634B2BAFB7020037B6E3 /* ProgressHUD+CircleArcDotSpin.swift in Sources */ = {isa = PBXBuildFile; fileRef = 02A0632E2BAFB7020037B6E3 /* ProgressHUD+CircleArcDotSpin.swift */; };
		02A0634C2BAFB7020037B6E3 /* ProgressHUD+CircleBarSpinFade.swift in Sources */ = {isa = PBXBuildFile; fileRef = 02A0632F2BAFB7020037B6E3 /* ProgressHUD+CircleBarSpinFade.swift */; };
		02A0634D2BAFB7020037B6E3 /* ProgressHUD+CircleDotSpinFade.swift in Sources */ = {isa = PBXBuildFile; fileRef = 02A063302BAFB7020037B6E3 /* ProgressHUD+CircleDotSpinFade.swift */; };
		02A0634E2BAFB7020037B6E3 /* ProgressHUD+CirclePulseMultiple.swift in Sources */ = {isa = PBXBuildFile; fileRef = 02A063312BAFB7020037B6E3 /* ProgressHUD+CirclePulseMultiple.swift */; };
		02A0634F2BAFB7020037B6E3 /* ProgressHUD+CirclePulseSingle.swift in Sources */ = {isa = PBXBuildFile; fileRef = 02A063322BAFB7020037B6E3 /* ProgressHUD+CirclePulseSingle.swift */; };
		02A063502BAFB7020037B6E3 /* ProgressHUD+CircleRippleMultiple.swift in Sources */ = {isa = PBXBuildFile; fileRef = 02A063332BAFB7020037B6E3 /* ProgressHUD+CircleRippleMultiple.swift */; };
		02A063512BAFB7020037B6E3 /* ProgressHUD+CircleRippleSingle.swift in Sources */ = {isa = PBXBuildFile; fileRef = 02A063342BAFB7020037B6E3 /* ProgressHUD+CircleRippleSingle.swift */; };
		02A063522BAFB7020037B6E3 /* ProgressHUD+CircleRotateChase.swift in Sources */ = {isa = PBXBuildFile; fileRef = 02A063352BAFB7020037B6E3 /* ProgressHUD+CircleRotateChase.swift */; };
		02A063532BAFB7020037B6E3 /* ProgressHUD+CircleStrokeSpin.swift in Sources */ = {isa = PBXBuildFile; fileRef = 02A063362BAFB7020037B6E3 /* ProgressHUD+CircleStrokeSpin.swift */; };
		02A063542BAFB7020037B6E3 /* ProgressHUD+DualDotSidestep.swift in Sources */ = {isa = PBXBuildFile; fileRef = 02A063372BAFB7020037B6E3 /* ProgressHUD+DualDotSidestep.swift */; };
		02A063552BAFB7020037B6E3 /* ProgressHUD+HorizontalBarScaling.swift in Sources */ = {isa = PBXBuildFile; fileRef = 02A063382BAFB7020037B6E3 /* ProgressHUD+HorizontalBarScaling.swift */; };
		02A063562BAFB7020037B6E3 /* ProgressHUD+HorizontalDotScaling.swift in Sources */ = {isa = PBXBuildFile; fileRef = 02A063392BAFB7020037B6E3 /* ProgressHUD+HorizontalDotScaling.swift */; };
		02A063572BAFB7020037B6E3 /* ProgressHUD+PacmanProgress.swift in Sources */ = {isa = PBXBuildFile; fileRef = 02A0633A2BAFB7020037B6E3 /* ProgressHUD+PacmanProgress.swift */; };
		02A063582BAFB7020037B6E3 /* ProgressHUD+QuintupleDotDance.swift in Sources */ = {isa = PBXBuildFile; fileRef = 02A0633B2BAFB7020037B6E3 /* ProgressHUD+QuintupleDotDance.swift */; };
		02A063592BAFB7020037B6E3 /* ProgressHUD+SemiRingRotation.swift in Sources */ = {isa = PBXBuildFile; fileRef = 02A0633C2BAFB7020037B6E3 /* ProgressHUD+SemiRingRotation.swift */; };
		02A0635A2BAFB7020037B6E3 /* ProgressHUD+SFSymbolBounce.swift in Sources */ = {isa = PBXBuildFile; fileRef = 02A0633D2BAFB7020037B6E3 /* ProgressHUD+SFSymbolBounce.swift */; };
		02A0635B2BAFB7020037B6E3 /* ProgressHUD+SquareCircuitSnake.swift in Sources */ = {isa = PBXBuildFile; fileRef = 02A0633E2BAFB7020037B6E3 /* ProgressHUD+SquareCircuitSnake.swift */; };
		02A0635C2BAFB7020037B6E3 /* ProgressHUD+TriangleDotShift.swift in Sources */ = {isa = PBXBuildFile; fileRef = 02A0633F2BAFB7020037B6E3 /* ProgressHUD+TriangleDotShift.swift */; };
		02A0635D2BAFB7020037B6E3 /* ProgressHUD.swift in Sources */ = {isa = PBXBuildFile; fileRef = 02A063412BAFB7020037B6E3 /* ProgressHUD.swift */; };
		02A0635E2BAFB7020037B6E3 /* ProgressHUD+Banner.swift in Sources */ = {isa = PBXBuildFile; fileRef = 02A063422BAFB7020037B6E3 /* ProgressHUD+Banner.swift */; };
		02A0635F2BAFB7020037B6E3 /* ProgressHUD+Enums.swift in Sources */ = {isa = PBXBuildFile; fileRef = 02A063432BAFB7020037B6E3 /* ProgressHUD+Enums.swift */; };
		02A063602BAFB7020037B6E3 /* ProgressHUD+LiveIcon.swift in Sources */ = {isa = PBXBuildFile; fileRef = 02A063442BAFB7020037B6E3 /* ProgressHUD+LiveIcon.swift */; };
		02A063612BAFB7020037B6E3 /* ProgressHUD+Public.swift in Sources */ = {isa = PBXBuildFile; fileRef = 02A063452BAFB7020037B6E3 /* ProgressHUD+Public.swift */; };
		02A063622BAFB7020037B6E3 /* ProgressView.swift in Sources */ = {isa = PBXBuildFile; fileRef = 02A063462BAFB7020037B6E3 /* ProgressView.swift */; };
		02A063662BAFB7E80037B6E3 /* UIApplication+Extension.swift in Sources */ = {isa = PBXBuildFile; fileRef = 02A063632BAFB7E80037B6E3 /* UIApplication+Extension.swift */; };
		02A063672BAFB7E80037B6E3 /* UINavigationController+Extension.swift in Sources */ = {isa = PBXBuildFile; fileRef = 02A063642BAFB7E80037B6E3 /* UINavigationController+Extension.swift */; };
		02A063692BAFBFDC0037B6E3 /* Person.swift in Sources */ = {isa = PBXBuildFile; fileRef = 02A063682BAFBFDC0037B6E3 /* Person.swift */; };
		02D009502BA90C630003B5AA /* AppDelegate.swift in Sources */ = {isa = PBXBuildFile; fileRef = 02D0094F2BA90C630003B5AA /* AppDelegate.swift */; };
		02D009522BA90C630003B5AA /* SceneDelegate.swift in Sources */ = {isa = PBXBuildFile; fileRef = 02D009512BA90C630003B5AA /* SceneDelegate.swift */; };
		02D009542BA90C630003B5AA /* AuthViewController.swift in Sources */ = {isa = PBXBuildFile; fileRef = 02D009532BA90C630003B5AA /* AuthViewController.swift */; };
		02D009592BA90C630003B5AA /* Assets.xcassets in Resources */ = {isa = PBXBuildFile; fileRef = 02D009582BA90C630003B5AA /* Assets.xcassets */; };
		02D0095C2BA90C630003B5AA /* Base in Resources */ = {isa = PBXBuildFile; fileRef = 02D0095B2BA90C630003B5AA /* Base */; };
/* End PBXBuildFile section */

/* Begin PBXFileReference section */
		0210D4C72BAD819D00E861A3 /* AuthStore.swift */ = {isa = PBXFileReference; lastKnownFileType = sourcecode.swift; path = AuthStore.swift; sourceTree = "<group>"; };
		0210D4C92BAD81FA00E861A3 /* AuthUseCase.swift */ = {isa = PBXFileReference; lastKnownFileType = sourcecode.swift; path = AuthUseCase.swift; sourceTree = "<group>"; };
		0210D4CB2BAD824300E861A3 /* AuthService.swift */ = {isa = PBXFileReference; lastKnownFileType = sourcecode.swift; path = AuthService.swift; sourceTree = "<group>"; };
		0210D4CD2BAD826E00E861A3 /* FirebaseClient.swift */ = {isa = PBXFileReference; lastKnownFileType = sourcecode.swift; path = FirebaseClient.swift; sourceTree = "<group>"; };
		02170BEE2BB10FFE00535C2F /* LoginViewController.swift */ = {isa = PBXFileReference; lastKnownFileType = sourcecode.swift; path = LoginViewController.swift; sourceTree = "<group>"; };
		02170BF12BB111EC00535C2F /* LoginView.swift */ = {isa = PBXFileReference; lastKnownFileType = sourcecode.swift; path = LoginView.swift; sourceTree = "<group>"; };
		021B514E2BB29039002DF204 /* OnboardingContainer.swift */ = {isa = PBXFileReference; lastKnownFileType = sourcecode.swift; path = OnboardingContainer.swift; sourceTree = "<group>"; };
		022DCA102BC657C100DF3F2F /* FileStorage.swift */ = {isa = PBXFileReference; lastKnownFileType = sourcecode.swift; path = FileStorage.swift; sourceTree = "<group>"; };
		02418F042BB422F900B6111B /* Tab.swift */ = {isa = PBXFileReference; lastKnownFileType = sourcecode.swift; path = Tab.swift; sourceTree = "<group>"; };
		02418F082BB4239600B6111B /* MainTabBarController.swift */ = {isa = PBXFileReference; lastKnownFileType = sourcecode.swift; path = MainTabBarController.swift; sourceTree = "<group>"; };
		02418F0A2BB4250D00B6111B /* ChatsTableViewController.swift */ = {isa = PBXFileReference; lastKnownFileType = sourcecode.swift; path = ChatsTableViewController.swift; sourceTree = "<group>"; };
		02418F0C2BB4256900B6111B /* ChannelsViewController.swift */ = {isa = PBXFileReference; lastKnownFileType = sourcecode.swift; path = ChannelsViewController.swift; sourceTree = "<group>"; };
		02418F0E2BB4259500B6111B /* UsersViewControlller.swift */ = {isa = PBXFileReference; lastKnownFileType = sourcecode.swift; path = UsersViewControlller.swift; sourceTree = "<group>"; };
		02418F102BB425B200B6111B /* SettingsViewController.swift */ = {isa = PBXFileReference; lastKnownFileType = sourcecode.swift; path = SettingsViewController.swift; sourceTree = "<group>"; };
		02418F162BB42B7100B6111B /* BaseTableViewController.swift */ = {isa = PBXFileReference; lastKnownFileType = sourcecode.swift; path = BaseTableViewController.swift; sourceTree = "<group>"; };
		02418F182BB4540E00B6111B /* BaseTableViewCell.swift */ = {isa = PBXFileReference; lastKnownFileType = sourcecode.swift; path = BaseTableViewCell.swift; sourceTree = "<group>"; };
		02418F1A2BB4545A00B6111B /* SettingsNameTableViewCell.swift */ = {isa = PBXFileReference; lastKnownFileType = sourcecode.swift; path = SettingsNameTableViewCell.swift; sourceTree = "<group>"; };
		02418F1C2BB45D0200B6111B /* EditProfileViewController.swift */ = {isa = PBXFileReference; lastKnownFileType = sourcecode.swift; path = EditProfileViewController.swift; sourceTree = "<group>"; };
		02418F1F2BB4E90E00B6111B /* SettingsService.swift */ = {isa = PBXFileReference; lastKnownFileType = sourcecode.swift; path = SettingsService.swift; sourceTree = "<group>"; };
		02418F212BB4E9AC00B6111B /* SettingsUseCase.swift */ = {isa = PBXFileReference; lastKnownFileType = sourcecode.swift; path = SettingsUseCase.swift; sourceTree = "<group>"; };
		02418F232BB4EA0200B6111B /* SettingsStore.swift */ = {isa = PBXFileReference; lastKnownFileType = sourcecode.swift; path = SettingsStore.swift; sourceTree = "<group>"; };
		024B4F7C2BC7844B00E232A2 /* ProfileStatusViewController.swift */ = {isa = PBXFileReference; lastKnownFileType = sourcecode.swift; path = ProfileStatusViewController.swift; sourceTree = "<group>"; };
		024B4F7F2BC79A7600E232A2 /* ProfileStatusService.swift */ = {isa = PBXFileReference; lastKnownFileType = sourcecode.swift; path = ProfileStatusService.swift; sourceTree = "<group>"; };
		024B4F812BC79A8200E232A2 /* ProfileStatusUseCase.swift */ = {isa = PBXFileReference; lastKnownFileType = sourcecode.swift; path = ProfileStatusUseCase.swift; sourceTree = "<group>"; };
		024B4F832BC79A9400E232A2 /* ProfileStatusStore.swift */ = {isa = PBXFileReference; lastKnownFileType = sourcecode.swift; path = ProfileStatusStore.swift; sourceTree = "<group>"; };
		026B93B62BC8E9D0004FF4BC /* UsersService.swift */ = {isa = PBXFileReference; lastKnownFileType = sourcecode.swift; path = UsersService.swift; sourceTree = "<group>"; };
		026B93B82BC8EA7E004FF4BC /* UsersUseCase.swift */ = {isa = PBXFileReference; lastKnownFileType = sourcecode.swift; path = UsersUseCase.swift; sourceTree = "<group>"; };
		026B93BA2BC8EA9F004FF4BC /* UsersStore.swift */ = {isa = PBXFileReference; lastKnownFileType = sourcecode.swift; path = UsersStore.swift; sourceTree = "<group>"; };
		026B93BC2BC8F63D004FF4BC /* UsersTableViewCell.swift */ = {isa = PBXFileReference; lastKnownFileType = sourcecode.swift; path = UsersTableViewCell.swift; sourceTree = "<group>"; };
		028C04A42BC528CB0021AE72 /* PhotoTableViewCell.swift */ = {isa = PBXFileReference; lastKnownFileType = sourcecode.swift; path = PhotoTableViewCell.swift; sourceTree = "<group>"; };
		028C04A62BC53CD90021AE72 /* TextFieldTableViewCell.swift */ = {isa = PBXFileReference; lastKnownFileType = sourcecode.swift; path = TextFieldTableViewCell.swift; sourceTree = "<group>"; };
		028C04A82BC56AD80021AE72 /* EditProfileService.swift */ = {isa = PBXFileReference; lastKnownFileType = sourcecode.swift; path = EditProfileService.swift; sourceTree = "<group>"; };
		028C04AA2BC56B2E0021AE72 /* EditProfileUseCase.swift */ = {isa = PBXFileReference; lastKnownFileType = sourcecode.swift; path = EditProfileUseCase.swift; sourceTree = "<group>"; };
		028C04AC2BC56BE20021AE72 /* EditProfileStore.swift */ = {isa = PBXFileReference; lastKnownFileType = sourcecode.swift; path = EditProfileStore.swift; sourceTree = "<group>"; };
		0291929B2BAA5DC700DD2671 /* BaseView.swift */ = {isa = PBXFileReference; lastKnownFileType = sourcecode.swift; path = BaseView.swift; sourceTree = "<group>"; };
		029192A02BAA5EEE00DD2671 /* AuthTextField.swift */ = {isa = PBXFileReference; lastKnownFileType = sourcecode.swift; path = AuthTextField.swift; sourceTree = "<group>"; };
		029192A22BAA67E700DD2671 /* BaseViewController.swift */ = {isa = PBXFileReference; lastKnownFileType = sourcecode.swift; path = BaseViewController.swift; sourceTree = "<group>"; };
		029192A92BABD6FD00DD2671 /* GoogleService-Info.plist */ = {isa = PBXFileReference; fileEncoding = 4; lastKnownFileType = text.plist.xml; path = "GoogleService-Info.plist"; sourceTree = "<group>"; };
		029192AB2BABD7CF00DD2671 /* README.md */ = {isa = PBXFileReference; lastKnownFileType = net.daringfireball.markdown; path = README.md; sourceTree = "<group>"; };
		029192AC2BABD8C900DD2671 /* AuthStatusSwitch.swift */ = {isa = PBXFileReference; lastKnownFileType = sourcecode.swift; path = AuthStatusSwitch.swift; sourceTree = "<group>"; };
		029192AE2BAD245100DD2671 /* Store.swift */ = {isa = PBXFileReference; lastKnownFileType = sourcecode.swift; path = Store.swift; sourceTree = "<group>"; };
		02983ACF2BC943810011521C /* DummyUsers.swift */ = {isa = PBXFileReference; lastKnownFileType = sourcecode.swift; path = DummyUsers.swift; sourceTree = "<group>"; };
		02A0632B2BAFB7020037B6E3 /* ProgressHUD+ActivityIndicator.swift */ = {isa = PBXFileReference; fileEncoding = 4; lastKnownFileType = sourcecode.swift; path = "ProgressHUD+ActivityIndicator.swift"; sourceTree = "<group>"; };
		02A0632C2BAFB7020037B6E3 /* ProgressHUD+BallVerticalBounce.swift */ = {isa = PBXFileReference; fileEncoding = 4; lastKnownFileType = sourcecode.swift; path = "ProgressHUD+BallVerticalBounce.swift"; sourceTree = "<group>"; };
		02A0632D2BAFB7020037B6E3 /* ProgressHUD+BarSweepToggle.swift */ = {isa = PBXFileReference; fileEncoding = 4; lastKnownFileType = sourcecode.swift; path = "ProgressHUD+BarSweepToggle.swift"; sourceTree = "<group>"; };
		02A0632E2BAFB7020037B6E3 /* ProgressHUD+CircleArcDotSpin.swift */ = {isa = PBXFileReference; fileEncoding = 4; lastKnownFileType = sourcecode.swift; path = "ProgressHUD+CircleArcDotSpin.swift"; sourceTree = "<group>"; };
		02A0632F2BAFB7020037B6E3 /* ProgressHUD+CircleBarSpinFade.swift */ = {isa = PBXFileReference; fileEncoding = 4; lastKnownFileType = sourcecode.swift; path = "ProgressHUD+CircleBarSpinFade.swift"; sourceTree = "<group>"; };
		02A063302BAFB7020037B6E3 /* ProgressHUD+CircleDotSpinFade.swift */ = {isa = PBXFileReference; fileEncoding = 4; lastKnownFileType = sourcecode.swift; path = "ProgressHUD+CircleDotSpinFade.swift"; sourceTree = "<group>"; };
		02A063312BAFB7020037B6E3 /* ProgressHUD+CirclePulseMultiple.swift */ = {isa = PBXFileReference; fileEncoding = 4; lastKnownFileType = sourcecode.swift; path = "ProgressHUD+CirclePulseMultiple.swift"; sourceTree = "<group>"; };
		02A063322BAFB7020037B6E3 /* ProgressHUD+CirclePulseSingle.swift */ = {isa = PBXFileReference; fileEncoding = 4; lastKnownFileType = sourcecode.swift; path = "ProgressHUD+CirclePulseSingle.swift"; sourceTree = "<group>"; };
		02A063332BAFB7020037B6E3 /* ProgressHUD+CircleRippleMultiple.swift */ = {isa = PBXFileReference; fileEncoding = 4; lastKnownFileType = sourcecode.swift; path = "ProgressHUD+CircleRippleMultiple.swift"; sourceTree = "<group>"; };
		02A063342BAFB7020037B6E3 /* ProgressHUD+CircleRippleSingle.swift */ = {isa = PBXFileReference; fileEncoding = 4; lastKnownFileType = sourcecode.swift; path = "ProgressHUD+CircleRippleSingle.swift"; sourceTree = "<group>"; };
		02A063352BAFB7020037B6E3 /* ProgressHUD+CircleRotateChase.swift */ = {isa = PBXFileReference; fileEncoding = 4; lastKnownFileType = sourcecode.swift; path = "ProgressHUD+CircleRotateChase.swift"; sourceTree = "<group>"; };
		02A063362BAFB7020037B6E3 /* ProgressHUD+CircleStrokeSpin.swift */ = {isa = PBXFileReference; fileEncoding = 4; lastKnownFileType = sourcecode.swift; path = "ProgressHUD+CircleStrokeSpin.swift"; sourceTree = "<group>"; };
		02A063372BAFB7020037B6E3 /* ProgressHUD+DualDotSidestep.swift */ = {isa = PBXFileReference; fileEncoding = 4; lastKnownFileType = sourcecode.swift; path = "ProgressHUD+DualDotSidestep.swift"; sourceTree = "<group>"; };
		02A063382BAFB7020037B6E3 /* ProgressHUD+HorizontalBarScaling.swift */ = {isa = PBXFileReference; fileEncoding = 4; lastKnownFileType = sourcecode.swift; path = "ProgressHUD+HorizontalBarScaling.swift"; sourceTree = "<group>"; };
		02A063392BAFB7020037B6E3 /* ProgressHUD+HorizontalDotScaling.swift */ = {isa = PBXFileReference; fileEncoding = 4; lastKnownFileType = sourcecode.swift; path = "ProgressHUD+HorizontalDotScaling.swift"; sourceTree = "<group>"; };
		02A0633A2BAFB7020037B6E3 /* ProgressHUD+PacmanProgress.swift */ = {isa = PBXFileReference; fileEncoding = 4; lastKnownFileType = sourcecode.swift; path = "ProgressHUD+PacmanProgress.swift"; sourceTree = "<group>"; };
		02A0633B2BAFB7020037B6E3 /* ProgressHUD+QuintupleDotDance.swift */ = {isa = PBXFileReference; fileEncoding = 4; lastKnownFileType = sourcecode.swift; path = "ProgressHUD+QuintupleDotDance.swift"; sourceTree = "<group>"; };
		02A0633C2BAFB7020037B6E3 /* ProgressHUD+SemiRingRotation.swift */ = {isa = PBXFileReference; fileEncoding = 4; lastKnownFileType = sourcecode.swift; path = "ProgressHUD+SemiRingRotation.swift"; sourceTree = "<group>"; };
		02A0633D2BAFB7020037B6E3 /* ProgressHUD+SFSymbolBounce.swift */ = {isa = PBXFileReference; fileEncoding = 4; lastKnownFileType = sourcecode.swift; path = "ProgressHUD+SFSymbolBounce.swift"; sourceTree = "<group>"; };
		02A0633E2BAFB7020037B6E3 /* ProgressHUD+SquareCircuitSnake.swift */ = {isa = PBXFileReference; fileEncoding = 4; lastKnownFileType = sourcecode.swift; path = "ProgressHUD+SquareCircuitSnake.swift"; sourceTree = "<group>"; };
		02A0633F2BAFB7020037B6E3 /* ProgressHUD+TriangleDotShift.swift */ = {isa = PBXFileReference; fileEncoding = 4; lastKnownFileType = sourcecode.swift; path = "ProgressHUD+TriangleDotShift.swift"; sourceTree = "<group>"; };
		02A063412BAFB7020037B6E3 /* ProgressHUD.swift */ = {isa = PBXFileReference; fileEncoding = 4; lastKnownFileType = sourcecode.swift; path = ProgressHUD.swift; sourceTree = "<group>"; };
		02A063422BAFB7020037B6E3 /* ProgressHUD+Banner.swift */ = {isa = PBXFileReference; fileEncoding = 4; lastKnownFileType = sourcecode.swift; path = "ProgressHUD+Banner.swift"; sourceTree = "<group>"; };
		02A063432BAFB7020037B6E3 /* ProgressHUD+Enums.swift */ = {isa = PBXFileReference; fileEncoding = 4; lastKnownFileType = sourcecode.swift; path = "ProgressHUD+Enums.swift"; sourceTree = "<group>"; };
		02A063442BAFB7020037B6E3 /* ProgressHUD+LiveIcon.swift */ = {isa = PBXFileReference; fileEncoding = 4; lastKnownFileType = sourcecode.swift; path = "ProgressHUD+LiveIcon.swift"; sourceTree = "<group>"; };
		02A063452BAFB7020037B6E3 /* ProgressHUD+Public.swift */ = {isa = PBXFileReference; fileEncoding = 4; lastKnownFileType = sourcecode.swift; path = "ProgressHUD+Public.swift"; sourceTree = "<group>"; };
		02A063462BAFB7020037B6E3 /* ProgressView.swift */ = {isa = PBXFileReference; fileEncoding = 4; lastKnownFileType = sourcecode.swift; path = ProgressView.swift; sourceTree = "<group>"; };
		02A063632BAFB7E80037B6E3 /* UIApplication+Extension.swift */ = {isa = PBXFileReference; fileEncoding = 4; lastKnownFileType = sourcecode.swift; path = "UIApplication+Extension.swift"; sourceTree = "<group>"; };
		02A063642BAFB7E80037B6E3 /* UINavigationController+Extension.swift */ = {isa = PBXFileReference; fileEncoding = 4; lastKnownFileType = sourcecode.swift; path = "UINavigationController+Extension.swift"; sourceTree = "<group>"; };
		02A063682BAFBFDC0037B6E3 /* Person.swift */ = {isa = PBXFileReference; fileEncoding = 4; lastKnownFileType = sourcecode.swift; path = Person.swift; sourceTree = "<group>"; };
		02D0094C2BA90C630003B5AA /* FirstStep.app */ = {isa = PBXFileReference; explicitFileType = wrapper.application; includeInIndex = 0; path = FirstStep.app; sourceTree = BUILT_PRODUCTS_DIR; };
		02D0094F2BA90C630003B5AA /* AppDelegate.swift */ = {isa = PBXFileReference; lastKnownFileType = sourcecode.swift; path = AppDelegate.swift; sourceTree = "<group>"; };
		02D009512BA90C630003B5AA /* SceneDelegate.swift */ = {isa = PBXFileReference; lastKnownFileType = sourcecode.swift; path = SceneDelegate.swift; sourceTree = "<group>"; };
		02D009532BA90C630003B5AA /* AuthViewController.swift */ = {isa = PBXFileReference; lastKnownFileType = sourcecode.swift; path = AuthViewController.swift; sourceTree = "<group>"; };
		02D009582BA90C630003B5AA /* Assets.xcassets */ = {isa = PBXFileReference; lastKnownFileType = folder.assetcatalog; path = Assets.xcassets; sourceTree = "<group>"; };
		02D0095B2BA90C630003B5AA /* Base */ = {isa = PBXFileReference; lastKnownFileType = file.storyboard; name = Base; path = Base.lproj/LaunchScreen.storyboard; sourceTree = "<group>"; };
		02D0095D2BA90C630003B5AA /* Info.plist */ = {isa = PBXFileReference; lastKnownFileType = text.plist.xml; path = Info.plist; sourceTree = "<group>"; };
/* End PBXFileReference section */

/* Begin PBXFrameworksBuildPhase section */
		02D009492BA90C630003B5AA /* Frameworks */ = {
			isa = PBXFrameworksBuildPhase;
			buildActionMask = 2147483647;
			files = (
				02983ACE2BC92E340011521C /* FirebaseFirestoreSwift in Frameworks */,
				02983AC42BC92E0E0011521C /* SnapKit in Frameworks */,
				02983ACC2BC92E2E0011521C /* FirebaseFirestore in Frameworks */,
				02983AC82BC92E1F0011521C /* FirebaseAuth in Frameworks */,
				02983ACA2BC92E290011521C /* FirebaseStorage in Frameworks */,
			);
			runOnlyForDeploymentPostprocessing = 0;
		};
/* End PBXFrameworksBuildPhase section */

/* Begin PBXGroup section */
		021B51462BB28E8A002DF204 /* App */ = {
			isa = PBXGroup;
			children = (
				02D0094F2BA90C630003B5AA /* AppDelegate.swift */,
				02D009512BA90C630003B5AA /* SceneDelegate.swift */,
			);
			path = App;
			sourceTree = "<group>";
		};
		021B51472BB28EAA002DF204 /* Modules */ = {
			isa = PBXGroup;
			children = (
				02418F032BB422CF00B6111B /* TabBar */,
				021B514D2BB28FDA002DF204 /* Onboarding */,
				021B51492BB28F11002DF204 /* Login */,
				021B51482BB28ECB002DF204 /* Auth */,
				02418F152BB4263300B6111B /* Chats */,
				02418F142BB4262A00B6111B /* Channels */,
				02418F1E2BB45D4700B6111B /* EditProfile */,
				02418F132BB4262100B6111B /* Users */,
				02418F122BB4261200B6111B /* Settings */,
				024B4F7E2BC7847700E232A2 /* ProfileStatus */,
			);
			path = Modules;
			sourceTree = "<group>";
		};
		021B51482BB28ECB002DF204 /* Auth */ = {
			isa = PBXGroup;
			children = (
				02D009532BA90C630003B5AA /* AuthViewController.swift */,
				029192A02BAA5EEE00DD2671 /* AuthTextField.swift */,
				029192AC2BABD8C900DD2671 /* AuthStatusSwitch.swift */,
				0210D4C72BAD819D00E861A3 /* AuthStore.swift */,
				0210D4C92BAD81FA00E861A3 /* AuthUseCase.swift */,
				0210D4CB2BAD824300E861A3 /* AuthService.swift */,
			);
			path = Auth;
			sourceTree = "<group>";
		};
		021B51492BB28F11002DF204 /* Login */ = {
			isa = PBXGroup;
			children = (
				02170BEE2BB10FFE00535C2F /* LoginViewController.swift */,
				02170BF12BB111EC00535C2F /* LoginView.swift */,
			);
			path = Login;
			sourceTree = "<group>";
		};
		021B514A2BB28F2E002DF204 /* Model */ = {
			isa = PBXGroup;
			children = (
				02A063682BAFBFDC0037B6E3 /* Person.swift */,
			);
			path = Model;
			sourceTree = "<group>";
		};
		021B514B2BB28F6F002DF204 /* Utilities */ = {
			isa = PBXGroup;
			children = (
				02A063472BAFB7020037B6E3 /* ProgressHUD */,
				029192AE2BAD245100DD2671 /* Store.swift */,
				029192A22BAA67E700DD2671 /* BaseViewController.swift */,
				02418F162BB42B7100B6111B /* BaseTableViewController.swift */,
				0291929B2BAA5DC700DD2671 /* BaseView.swift */,
				02418F182BB4540E00B6111B /* BaseTableViewCell.swift */,
			);
			path = Utilities;
			sourceTree = "<group>";
		};
		021B514C2BB28FA2002DF204 /* Network */ = {
			isa = PBXGroup;
			children = (
				0210D4CD2BAD826E00E861A3 /* FirebaseClient.swift */,
				022DCA102BC657C100DF3F2F /* FileStorage.swift */,
			);
			path = Network;
			sourceTree = "<group>";
		};
		021B514D2BB28FDA002DF204 /* Onboarding */ = {
			isa = PBXGroup;
			children = (
				021B514E2BB29039002DF204 /* OnboardingContainer.swift */,
			);
			path = Onboarding;
			sourceTree = "<group>";
		};
		02418F032BB422CF00B6111B /* TabBar */ = {
			isa = PBXGroup;
			children = (
				02418F042BB422F900B6111B /* Tab.swift */,
				02418F082BB4239600B6111B /* MainTabBarController.swift */,
			);
			path = TabBar;
			sourceTree = "<group>";
		};
		02418F122BB4261200B6111B /* Settings */ = {
			isa = PBXGroup;
			children = (
				02418F102BB425B200B6111B /* SettingsViewController.swift */,
				02418F1A2BB4545A00B6111B /* SettingsNameTableViewCell.swift */,
				02418F1F2BB4E90E00B6111B /* SettingsService.swift */,
				02418F212BB4E9AC00B6111B /* SettingsUseCase.swift */,
				02418F232BB4EA0200B6111B /* SettingsStore.swift */,
			);
			path = Settings;
			sourceTree = "<group>";
		};
		02418F132BB4262100B6111B /* Users */ = {
			isa = PBXGroup;
			children = (
				02418F0E2BB4259500B6111B /* UsersViewControlller.swift */,
				026B93BC2BC8F63D004FF4BC /* UsersTableViewCell.swift */,
				026B93B62BC8E9D0004FF4BC /* UsersService.swift */,
				026B93B82BC8EA7E004FF4BC /* UsersUseCase.swift */,
				026B93BA2BC8EA9F004FF4BC /* UsersStore.swift */,
				02983ACF2BC943810011521C /* DummyUsers.swift */,
			);
			path = Users;
			sourceTree = "<group>";
		};
		02418F142BB4262A00B6111B /* Channels */ = {
			isa = PBXGroup;
			children = (
				02418F0C2BB4256900B6111B /* ChannelsViewController.swift */,
			);
			path = Channels;
			sourceTree = "<group>";
		};
		02418F152BB4263300B6111B /* Chats */ = {
			isa = PBXGroup;
			children = (
				02418F0A2BB4250D00B6111B /* ChatsTableViewController.swift */,
			);
			path = Chats;
			sourceTree = "<group>";
		};
		02418F1E2BB45D4700B6111B /* EditProfile */ = {
			isa = PBXGroup;
			children = (
				02418F1C2BB45D0200B6111B /* EditProfileViewController.swift */,
				028C04A42BC528CB0021AE72 /* PhotoTableViewCell.swift */,
				028C04A62BC53CD90021AE72 /* TextFieldTableViewCell.swift */,
				028C04A82BC56AD80021AE72 /* EditProfileService.swift */,
				028C04AA2BC56B2E0021AE72 /* EditProfileUseCase.swift */,
				028C04AC2BC56BE20021AE72 /* EditProfileStore.swift */,
			);
			path = EditProfile;
			sourceTree = "<group>";
		};
		024B4F7E2BC7847700E232A2 /* ProfileStatus */ = {
			isa = PBXGroup;
			children = (
				024B4F7C2BC7844B00E232A2 /* ProfileStatusViewController.swift */,
				024B4F7F2BC79A7600E232A2 /* ProfileStatusService.swift */,
				024B4F812BC79A8200E232A2 /* ProfileStatusUseCase.swift */,
				024B4F832BC79A9400E232A2 /* ProfileStatusStore.swift */,
			);
			path = ProfileStatus;
			sourceTree = "<group>";
		};
		0291929A2BAA5DA200DD2671 /* Supporting Files */ = {
			isa = PBXGroup;
			children = (
				02D009582BA90C630003B5AA /* Assets.xcassets */,
				02D0095A2BA90C630003B5AA /* LaunchScreen.storyboard */,
				029192A92BABD6FD00DD2671 /* GoogleService-Info.plist */,
				02D0095D2BA90C630003B5AA /* Info.plist */,
			);
			name = "Supporting Files";
			sourceTree = "<group>";
		};
		029192A62BAA9F9000DD2671 /* Frameworks */ = {
			isa = PBXGroup;
			children = (
			);
			name = Frameworks;
			sourceTree = "<group>";
		};
		02A063402BAFB7020037B6E3 /* Animations */ = {
			isa = PBXGroup;
			children = (
				02A0632B2BAFB7020037B6E3 /* ProgressHUD+ActivityIndicator.swift */,
				02A0632C2BAFB7020037B6E3 /* ProgressHUD+BallVerticalBounce.swift */,
				02A0632D2BAFB7020037B6E3 /* ProgressHUD+BarSweepToggle.swift */,
				02A0632E2BAFB7020037B6E3 /* ProgressHUD+CircleArcDotSpin.swift */,
				02A0632F2BAFB7020037B6E3 /* ProgressHUD+CircleBarSpinFade.swift */,
				02A063302BAFB7020037B6E3 /* ProgressHUD+CircleDotSpinFade.swift */,
				02A063312BAFB7020037B6E3 /* ProgressHUD+CirclePulseMultiple.swift */,
				02A063322BAFB7020037B6E3 /* ProgressHUD+CirclePulseSingle.swift */,
				02A063332BAFB7020037B6E3 /* ProgressHUD+CircleRippleMultiple.swift */,
				02A063342BAFB7020037B6E3 /* ProgressHUD+CircleRippleSingle.swift */,
				02A063352BAFB7020037B6E3 /* ProgressHUD+CircleRotateChase.swift */,
				02A063362BAFB7020037B6E3 /* ProgressHUD+CircleStrokeSpin.swift */,
				02A063372BAFB7020037B6E3 /* ProgressHUD+DualDotSidestep.swift */,
				02A063382BAFB7020037B6E3 /* ProgressHUD+HorizontalBarScaling.swift */,
				02A063392BAFB7020037B6E3 /* ProgressHUD+HorizontalDotScaling.swift */,
				02A0633A2BAFB7020037B6E3 /* ProgressHUD+PacmanProgress.swift */,
				02A0633B2BAFB7020037B6E3 /* ProgressHUD+QuintupleDotDance.swift */,
				02A0633C2BAFB7020037B6E3 /* ProgressHUD+SemiRingRotation.swift */,
				02A0633D2BAFB7020037B6E3 /* ProgressHUD+SFSymbolBounce.swift */,
				02A0633E2BAFB7020037B6E3 /* ProgressHUD+SquareCircuitSnake.swift */,
				02A0633F2BAFB7020037B6E3 /* ProgressHUD+TriangleDotShift.swift */,
			);
			path = Animations;
			sourceTree = "<group>";
		};
		02A063472BAFB7020037B6E3 /* ProgressHUD */ = {
			isa = PBXGroup;
			children = (
				02A063402BAFB7020037B6E3 /* Animations */,
				02A063412BAFB7020037B6E3 /* ProgressHUD.swift */,
				02A063422BAFB7020037B6E3 /* ProgressHUD+Banner.swift */,
				02A063432BAFB7020037B6E3 /* ProgressHUD+Enums.swift */,
				02A063442BAFB7020037B6E3 /* ProgressHUD+LiveIcon.swift */,
				02A063452BAFB7020037B6E3 /* ProgressHUD+Public.swift */,
				02A063462BAFB7020037B6E3 /* ProgressView.swift */,
			);
			path = ProgressHUD;
			sourceTree = "<group>";
		};
		02A063652BAFB7E80037B6E3 /* Extensions */ = {
			isa = PBXGroup;
			children = (
				02A063632BAFB7E80037B6E3 /* UIApplication+Extension.swift */,
				02A063642BAFB7E80037B6E3 /* UINavigationController+Extension.swift */,
			);
			path = Extensions;
			sourceTree = "<group>";
		};
		02D009432BA90C630003B5AA = {
			isa = PBXGroup;
			children = (
				029192AB2BABD7CF00DD2671 /* README.md */,
				02D0094E2BA90C630003B5AA /* FirstStep */,
				02D0094D2BA90C630003B5AA /* Products */,
				029192A62BAA9F9000DD2671 /* Frameworks */,
			);
			sourceTree = "<group>";
		};
		02D0094D2BA90C630003B5AA /* Products */ = {
			isa = PBXGroup;
			children = (
				02D0094C2BA90C630003B5AA /* FirstStep.app */,
			);
			name = Products;
			sourceTree = "<group>";
		};
		02D0094E2BA90C630003B5AA /* FirstStep */ = {
			isa = PBXGroup;
			children = (
				021B51462BB28E8A002DF204 /* App */,
				021B514C2BB28FA2002DF204 /* Network */,
				021B514A2BB28F2E002DF204 /* Model */,
				021B51472BB28EAA002DF204 /* Modules */,
				02A063652BAFB7E80037B6E3 /* Extensions */,
				021B514B2BB28F6F002DF204 /* Utilities */,
				0291929A2BAA5DA200DD2671 /* Supporting Files */,
			);
			path = FirstStep;
			sourceTree = "<group>";
		};
/* End PBXGroup section */

/* Begin PBXNativeTarget section */
		02D0094B2BA90C630003B5AA /* FirstStep */ = {
			isa = PBXNativeTarget;
			buildConfigurationList = 02D009602BA90C630003B5AA /* Build configuration list for PBXNativeTarget "FirstStep" */;
			buildPhases = (
				02D009482BA90C630003B5AA /* Sources */,
				02D009492BA90C630003B5AA /* Frameworks */,
				02D0094A2BA90C630003B5AA /* Resources */,
			);
			buildRules = (
			);
			dependencies = (
			);
			name = FirstStep;
			packageProductDependencies = (
				02983AC32BC92E0E0011521C /* SnapKit */,
				02983AC72BC92E1F0011521C /* FirebaseAuth */,
				02983AC92BC92E290011521C /* FirebaseStorage */,
				02983ACB2BC92E2E0011521C /* FirebaseFirestore */,
				02983ACD2BC92E340011521C /* FirebaseFirestoreSwift */,
			);
			productName = FirstStep;
			productReference = 02D0094C2BA90C630003B5AA /* FirstStep.app */;
			productType = "com.apple.product-type.application";
		};
/* End PBXNativeTarget section */

/* Begin PBXProject section */
		02D009442BA90C630003B5AA /* Project object */ = {
			isa = PBXProject;
			attributes = {
				BuildIndependentTargetsInParallel = 1;
				LastSwiftUpdateCheck = 1530;
				LastUpgradeCheck = 1530;
				TargetAttributes = {
					02D0094B2BA90C630003B5AA = {
						CreatedOnToolsVersion = 15.3;
					};
				};
			};
			buildConfigurationList = 02D009472BA90C630003B5AA /* Build configuration list for PBXProject "FirstStep" */;
			compatibilityVersion = "Xcode 14.0";
			developmentRegion = en;
			hasScannedForEncodings = 0;
			knownRegions = (
				en,
				Base,
			);
			mainGroup = 02D009432BA90C630003B5AA;
			packageReferences = (
				02DEA1502BAA9D360053B245 /* XCRemoteSwiftPackageReference "firebase-ios-sdk" */,
				02983AC22BC92E0E0011521C /* XCRemoteSwiftPackageReference "SnapKit" */,
			);
			productRefGroup = 02D0094D2BA90C630003B5AA /* Products */;
			projectDirPath = "";
			projectRoot = "";
			targets = (
				02D0094B2BA90C630003B5AA /* FirstStep */,
			);
		};
/* End PBXProject section */

/* Begin PBXResourcesBuildPhase section */
		02D0094A2BA90C630003B5AA /* Resources */ = {
			isa = PBXResourcesBuildPhase;
			buildActionMask = 2147483647;
			files = (
				02D009592BA90C630003B5AA /* Assets.xcassets in Resources */,
				02D0095C2BA90C630003B5AA /* Base in Resources */,
				029192AA2BABD6FD00DD2671 /* GoogleService-Info.plist in Resources */,
			);
			runOnlyForDeploymentPostprocessing = 0;
		};
/* End PBXResourcesBuildPhase section */

/* Begin PBXSourcesBuildPhase section */
		02D009482BA90C630003B5AA /* Sources */ = {
			isa = PBXSourcesBuildPhase;
			buildActionMask = 2147483647;
			files = (
				02A063512BAFB7020037B6E3 /* ProgressHUD+CircleRippleSingle.swift in Sources */,
				026B93BB2BC8EA9F004FF4BC /* UsersStore.swift in Sources */,
				022DCA112BC657C100DF3F2F /* FileStorage.swift in Sources */,
				02418F0D2BB4256900B6111B /* ChannelsViewController.swift in Sources */,
				02418F172BB42B7100B6111B /* BaseTableViewController.swift in Sources */,
				02A0635A2BAFB7020037B6E3 /* ProgressHUD+SFSymbolBounce.swift in Sources */,
				02A0634D2BAFB7020037B6E3 /* ProgressHUD+CircleDotSpinFade.swift in Sources */,
				02A063552BAFB7020037B6E3 /* ProgressHUD+HorizontalBarScaling.swift in Sources */,
				02D009542BA90C630003B5AA /* AuthViewController.swift in Sources */,
				02A063612BAFB7020037B6E3 /* ProgressHUD+Public.swift in Sources */,
				024B4F842BC79A9400E232A2 /* ProfileStatusStore.swift in Sources */,
				026B93B92BC8EA7E004FF4BC /* UsersUseCase.swift in Sources */,
				02A063542BAFB7020037B6E3 /* ProgressHUD+DualDotSidestep.swift in Sources */,
				024B4F7D2BC7844B00E232A2 /* ProfileStatusViewController.swift in Sources */,
				02A0635D2BAFB7020037B6E3 /* ProgressHUD.swift in Sources */,
				029192A12BAA5EEE00DD2671 /* AuthTextField.swift in Sources */,
				026B93BD2BC8F63D004FF4BC /* UsersTableViewCell.swift in Sources */,
				02A063572BAFB7020037B6E3 /* ProgressHUD+PacmanProgress.swift in Sources */,
				021B514F2BB29039002DF204 /* OnboardingContainer.swift in Sources */,
				02A063502BAFB7020037B6E3 /* ProgressHUD+CircleRippleMultiple.swift in Sources */,
				029192AD2BABD8C900DD2671 /* AuthStatusSwitch.swift in Sources */,
				024B4F822BC79A8200E232A2 /* ProfileStatusUseCase.swift in Sources */,
				02A0634B2BAFB7020037B6E3 /* ProgressHUD+CircleArcDotSpin.swift in Sources */,
				0210D4CA2BAD81FA00E861A3 /* AuthUseCase.swift in Sources */,
				026B93B72BC8E9D0004FF4BC /* UsersService.swift in Sources */,
				02418F092BB4239600B6111B /* MainTabBarController.swift in Sources */,
				02418F242BB4EA0200B6111B /* SettingsStore.swift in Sources */,
				02A0634A2BAFB7020037B6E3 /* ProgressHUD+BarSweepToggle.swift in Sources */,
				02A063582BAFB7020037B6E3 /* ProgressHUD+QuintupleDotDance.swift in Sources */,
				02418F192BB4540E00B6111B /* BaseTableViewCell.swift in Sources */,
				02418F052BB422F900B6111B /* Tab.swift in Sources */,
				029192AF2BAD245100DD2671 /* Store.swift in Sources */,
				02A0634F2BAFB7020037B6E3 /* ProgressHUD+CirclePulseSingle.swift in Sources */,
				02418F222BB4E9AC00B6111B /* SettingsUseCase.swift in Sources */,
				02A063692BAFBFDC0037B6E3 /* Person.swift in Sources */,
				02A063662BAFB7E80037B6E3 /* UIApplication+Extension.swift in Sources */,
				028C04A52BC528CB0021AE72 /* PhotoTableViewCell.swift in Sources */,
				02418F202BB4E90E00B6111B /* SettingsService.swift in Sources */,
				02A063492BAFB7020037B6E3 /* ProgressHUD+BallVerticalBounce.swift in Sources */,
				02A063592BAFB7020037B6E3 /* ProgressHUD+SemiRingRotation.swift in Sources */,
				02A0635F2BAFB7020037B6E3 /* ProgressHUD+Enums.swift in Sources */,
				02A0634C2BAFB7020037B6E3 /* ProgressHUD+CircleBarSpinFade.swift in Sources */,
				0210D4CC2BAD824300E861A3 /* AuthService.swift in Sources */,
				02418F112BB425B200B6111B /* SettingsViewController.swift in Sources */,
				02A063522BAFB7020037B6E3 /* ProgressHUD+CircleRotateChase.swift in Sources */,
				02418F1D2BB45D0200B6111B /* EditProfileViewController.swift in Sources */,
				02D009502BA90C630003B5AA /* AppDelegate.swift in Sources */,
				028C04AB2BC56B2E0021AE72 /* EditProfileUseCase.swift in Sources */,
				028C04A72BC53CD90021AE72 /* TextFieldTableViewCell.swift in Sources */,
				02A0635B2BAFB7020037B6E3 /* ProgressHUD+SquareCircuitSnake.swift in Sources */,
				02D009522BA90C630003B5AA /* SceneDelegate.swift in Sources */,
				024B4F802BC79A7600E232A2 /* ProfileStatusService.swift in Sources */,
				02A063602BAFB7020037B6E3 /* ProgressHUD+LiveIcon.swift in Sources */,
				02170BF22BB111EC00535C2F /* LoginView.swift in Sources */,
				0291929C2BAA5DC700DD2671 /* BaseView.swift in Sources */,
				02418F0B2BB4250D00B6111B /* ChatsTableViewController.swift in Sources */,
				02A063532BAFB7020037B6E3 /* ProgressHUD+CircleStrokeSpin.swift in Sources */,
				0210D4C82BAD819D00E861A3 /* AuthStore.swift in Sources */,
				02A063482BAFB7020037B6E3 /* ProgressHUD+ActivityIndicator.swift in Sources */,
				02418F1B2BB4545A00B6111B /* SettingsNameTableViewCell.swift in Sources */,
				02170BEF2BB10FFE00535C2F /* LoginViewController.swift in Sources */,
				028C04AD2BC56BE20021AE72 /* EditProfileStore.swift in Sources */,
				029192A32BAA67E700DD2671 /* BaseViewController.swift in Sources */,
				02A063562BAFB7020037B6E3 /* ProgressHUD+HorizontalDotScaling.swift in Sources */,
				02A0635C2BAFB7020037B6E3 /* ProgressHUD+TriangleDotShift.swift in Sources */,
				0210D4CE2BAD826E00E861A3 /* FirebaseClient.swift in Sources */,
				02A0634E2BAFB7020037B6E3 /* ProgressHUD+CirclePulseMultiple.swift in Sources */,
				028C04A92BC56AD80021AE72 /* EditProfileService.swift in Sources */,
				02A0635E2BAFB7020037B6E3 /* ProgressHUD+Banner.swift in Sources */,
				02A063622BAFB7020037B6E3 /* ProgressView.swift in Sources */,
				02418F0F2BB4259500B6111B /* UsersViewControlller.swift in Sources */,
				02A063672BAFB7E80037B6E3 /* UINavigationController+Extension.swift in Sources */,
				02983AD02BC943810011521C /* DummyUsers.swift in Sources */,
			);
			runOnlyForDeploymentPostprocessing = 0;
		};
/* End PBXSourcesBuildPhase section */

/* Begin PBXVariantGroup section */
		02D0095A2BA90C630003B5AA /* LaunchScreen.storyboard */ = {
			isa = PBXVariantGroup;
			children = (
				02D0095B2BA90C630003B5AA /* Base */,
			);
			name = LaunchScreen.storyboard;
			sourceTree = "<group>";
		};
/* End PBXVariantGroup section */

/* Begin XCBuildConfiguration section */
		02D0095E2BA90C630003B5AA /* Debug */ = {
			isa = XCBuildConfiguration;
			buildSettings = {
				ALWAYS_SEARCH_USER_PATHS = NO;
				ASSETCATALOG_COMPILER_GENERATE_SWIFT_ASSET_SYMBOL_EXTENSIONS = YES;
				CLANG_ANALYZER_NONNULL = YES;
				CLANG_ANALYZER_NUMBER_OBJECT_CONVERSION = YES_AGGRESSIVE;
				CLANG_CXX_LANGUAGE_STANDARD = "gnu++20";
				CLANG_ENABLE_MODULES = YES;
				CLANG_ENABLE_OBJC_ARC = YES;
				CLANG_ENABLE_OBJC_WEAK = YES;
				CLANG_WARN_BLOCK_CAPTURE_AUTORELEASING = YES;
				CLANG_WARN_BOOL_CONVERSION = YES;
				CLANG_WARN_COMMA = YES;
				CLANG_WARN_CONSTANT_CONVERSION = YES;
				CLANG_WARN_DEPRECATED_OBJC_IMPLEMENTATIONS = YES;
				CLANG_WARN_DIRECT_OBJC_ISA_USAGE = YES_ERROR;
				CLANG_WARN_DOCUMENTATION_COMMENTS = YES;
				CLANG_WARN_EMPTY_BODY = YES;
				CLANG_WARN_ENUM_CONVERSION = YES;
				CLANG_WARN_INFINITE_RECURSION = YES;
				CLANG_WARN_INT_CONVERSION = YES;
				CLANG_WARN_NON_LITERAL_NULL_CONVERSION = YES;
				CLANG_WARN_OBJC_IMPLICIT_RETAIN_SELF = YES;
				CLANG_WARN_OBJC_LITERAL_CONVERSION = YES;
				CLANG_WARN_OBJC_ROOT_CLASS = YES_ERROR;
				CLANG_WARN_QUOTED_INCLUDE_IN_FRAMEWORK_HEADER = YES;
				CLANG_WARN_RANGE_LOOP_ANALYSIS = YES;
				CLANG_WARN_STRICT_PROTOTYPES = YES;
				CLANG_WARN_SUSPICIOUS_MOVE = YES;
				CLANG_WARN_UNGUARDED_AVAILABILITY = YES_AGGRESSIVE;
				CLANG_WARN_UNREACHABLE_CODE = YES;
				CLANG_WARN__DUPLICATE_METHOD_MATCH = YES;
				COPY_PHASE_STRIP = NO;
				DEBUG_INFORMATION_FORMAT = dwarf;
				ENABLE_STRICT_OBJC_MSGSEND = YES;
				ENABLE_TESTABILITY = YES;
				ENABLE_USER_SCRIPT_SANDBOXING = YES;
				GCC_C_LANGUAGE_STANDARD = gnu17;
				GCC_DYNAMIC_NO_PIC = NO;
				GCC_NO_COMMON_BLOCKS = YES;
				GCC_OPTIMIZATION_LEVEL = 0;
				GCC_PREPROCESSOR_DEFINITIONS = (
					"DEBUG=1",
					"$(inherited)",
				);
				GCC_WARN_64_TO_32_BIT_CONVERSION = YES;
				GCC_WARN_ABOUT_RETURN_TYPE = YES_ERROR;
				GCC_WARN_UNDECLARED_SELECTOR = YES;
				GCC_WARN_UNINITIALIZED_AUTOS = YES_AGGRESSIVE;
				GCC_WARN_UNUSED_FUNCTION = YES;
				GCC_WARN_UNUSED_VARIABLE = YES;
				IPHONEOS_DEPLOYMENT_TARGET = 17.4;
				LOCALIZATION_PREFERS_STRING_CATALOGS = YES;
				MTL_ENABLE_DEBUG_INFO = INCLUDE_SOURCE;
				MTL_FAST_MATH = YES;
				ONLY_ACTIVE_ARCH = YES;
				SDKROOT = iphoneos;
				SWIFT_ACTIVE_COMPILATION_CONDITIONS = "DEBUG $(inherited)";
				SWIFT_OPTIMIZATION_LEVEL = "-Onone";
			};
			name = Debug;
		};
		02D0095F2BA90C630003B5AA /* Release */ = {
			isa = XCBuildConfiguration;
			buildSettings = {
				ALWAYS_SEARCH_USER_PATHS = NO;
				ASSETCATALOG_COMPILER_GENERATE_SWIFT_ASSET_SYMBOL_EXTENSIONS = YES;
				CLANG_ANALYZER_NONNULL = YES;
				CLANG_ANALYZER_NUMBER_OBJECT_CONVERSION = YES_AGGRESSIVE;
				CLANG_CXX_LANGUAGE_STANDARD = "gnu++20";
				CLANG_ENABLE_MODULES = YES;
				CLANG_ENABLE_OBJC_ARC = YES;
				CLANG_ENABLE_OBJC_WEAK = YES;
				CLANG_WARN_BLOCK_CAPTURE_AUTORELEASING = YES;
				CLANG_WARN_BOOL_CONVERSION = YES;
				CLANG_WARN_COMMA = YES;
				CLANG_WARN_CONSTANT_CONVERSION = YES;
				CLANG_WARN_DEPRECATED_OBJC_IMPLEMENTATIONS = YES;
				CLANG_WARN_DIRECT_OBJC_ISA_USAGE = YES_ERROR;
				CLANG_WARN_DOCUMENTATION_COMMENTS = YES;
				CLANG_WARN_EMPTY_BODY = YES;
				CLANG_WARN_ENUM_CONVERSION = YES;
				CLANG_WARN_INFINITE_RECURSION = YES;
				CLANG_WARN_INT_CONVERSION = YES;
				CLANG_WARN_NON_LITERAL_NULL_CONVERSION = YES;
				CLANG_WARN_OBJC_IMPLICIT_RETAIN_SELF = YES;
				CLANG_WARN_OBJC_LITERAL_CONVERSION = YES;
				CLANG_WARN_OBJC_ROOT_CLASS = YES_ERROR;
				CLANG_WARN_QUOTED_INCLUDE_IN_FRAMEWORK_HEADER = YES;
				CLANG_WARN_RANGE_LOOP_ANALYSIS = YES;
				CLANG_WARN_STRICT_PROTOTYPES = YES;
				CLANG_WARN_SUSPICIOUS_MOVE = YES;
				CLANG_WARN_UNGUARDED_AVAILABILITY = YES_AGGRESSIVE;
				CLANG_WARN_UNREACHABLE_CODE = YES;
				CLANG_WARN__DUPLICATE_METHOD_MATCH = YES;
				COPY_PHASE_STRIP = NO;
				DEBUG_INFORMATION_FORMAT = "dwarf-with-dsym";
				ENABLE_NS_ASSERTIONS = NO;
				ENABLE_STRICT_OBJC_MSGSEND = YES;
				ENABLE_USER_SCRIPT_SANDBOXING = YES;
				GCC_C_LANGUAGE_STANDARD = gnu17;
				GCC_NO_COMMON_BLOCKS = YES;
				GCC_WARN_64_TO_32_BIT_CONVERSION = YES;
				GCC_WARN_ABOUT_RETURN_TYPE = YES_ERROR;
				GCC_WARN_UNDECLARED_SELECTOR = YES;
				GCC_WARN_UNINITIALIZED_AUTOS = YES_AGGRESSIVE;
				GCC_WARN_UNUSED_FUNCTION = YES;
				GCC_WARN_UNUSED_VARIABLE = YES;
				IPHONEOS_DEPLOYMENT_TARGET = 17.4;
				LOCALIZATION_PREFERS_STRING_CATALOGS = YES;
				MTL_ENABLE_DEBUG_INFO = NO;
				MTL_FAST_MATH = YES;
				SDKROOT = iphoneos;
				SWIFT_COMPILATION_MODE = wholemodule;
				VALIDATE_PRODUCT = YES;
			};
			name = Release;
		};
		02D009612BA90C630003B5AA /* Debug */ = {
			isa = XCBuildConfiguration;
			buildSettings = {
				ASSETCATALOG_COMPILER_APPICON_NAME = AppIcon;
				ASSETCATALOG_COMPILER_GLOBAL_ACCENT_COLOR_NAME = AccentColor;
				CODE_SIGN_STYLE = Automatic;
				CURRENT_PROJECT_VERSION = 13;
				DEVELOPMENT_TEAM = 723HTEFHBA;
				GENERATE_INFOPLIST_FILE = YES;
				INFOPLIST_FILE = FirstStep/Info.plist;
				INFOPLIST_KEY_LSApplicationCategoryType = "public.app-category.social-networking";
				INFOPLIST_KEY_UIApplicationSupportsIndirectInputEvents = YES;
				INFOPLIST_KEY_UILaunchStoryboardName = LaunchScreen;
				INFOPLIST_KEY_UISupportedInterfaceOrientations_iPad = "UIInterfaceOrientationPortrait UIInterfaceOrientationPortraitUpsideDown UIInterfaceOrientationLandscapeLeft UIInterfaceOrientationLandscapeRight";
				INFOPLIST_KEY_UISupportedInterfaceOrientations_iPhone = "UIInterfaceOrientationPortrait UIInterfaceOrientationLandscapeLeft UIInterfaceOrientationLandscapeRight";
				IPHONEOS_DEPLOYMENT_TARGET = 17.0;
				LD_RUNPATH_SEARCH_PATHS = (
					"$(inherited)",
					"@executable_path/Frameworks",
				);
				MARKETING_VERSION = 0.2.1;
				PRODUCT_BUNDLE_IDENTIFIER = ru.fibeapp.FirstStep;
				PRODUCT_NAME = "$(TARGET_NAME)";
				SWIFT_EMIT_LOC_STRINGS = YES;
				SWIFT_VERSION = 5.0;
				TARGETED_DEVICE_FAMILY = "1,2";
			};
			name = Debug;
		};
		02D009622BA90C630003B5AA /* Release */ = {
			isa = XCBuildConfiguration;
			buildSettings = {
				ASSETCATALOG_COMPILER_APPICON_NAME = AppIcon;
				ASSETCATALOG_COMPILER_GLOBAL_ACCENT_COLOR_NAME = AccentColor;
				CODE_SIGN_STYLE = Automatic;
				CURRENT_PROJECT_VERSION = 13;
				DEVELOPMENT_TEAM = 723HTEFHBA;
				GENERATE_INFOPLIST_FILE = YES;
				INFOPLIST_FILE = FirstStep/Info.plist;
				INFOPLIST_KEY_LSApplicationCategoryType = "public.app-category.social-networking";
				INFOPLIST_KEY_UIApplicationSupportsIndirectInputEvents = YES;
				INFOPLIST_KEY_UILaunchStoryboardName = LaunchScreen;
				INFOPLIST_KEY_UISupportedInterfaceOrientations_iPad = "UIInterfaceOrientationPortrait UIInterfaceOrientationPortraitUpsideDown UIInterfaceOrientationLandscapeLeft UIInterfaceOrientationLandscapeRight";
				INFOPLIST_KEY_UISupportedInterfaceOrientations_iPhone = "UIInterfaceOrientationPortrait UIInterfaceOrientationLandscapeLeft UIInterfaceOrientationLandscapeRight";
				IPHONEOS_DEPLOYMENT_TARGET = 17.0;
				LD_RUNPATH_SEARCH_PATHS = (
					"$(inherited)",
					"@executable_path/Frameworks",
				);
				MARKETING_VERSION = 0.2.1;
				PRODUCT_BUNDLE_IDENTIFIER = ru.fibeapp.FirstStep;
				PRODUCT_NAME = "$(TARGET_NAME)";
				SWIFT_EMIT_LOC_STRINGS = YES;
				SWIFT_VERSION = 5.0;
				TARGETED_DEVICE_FAMILY = "1,2";
			};
			name = Release;
		};
/* End XCBuildConfiguration section */

/* Begin XCConfigurationList section */
		02D009472BA90C630003B5AA /* Build configuration list for PBXProject "FirstStep" */ = {
			isa = XCConfigurationList;
			buildConfigurations = (
				02D0095E2BA90C630003B5AA /* Debug */,
				02D0095F2BA90C630003B5AA /* Release */,
			);
			defaultConfigurationIsVisible = 0;
			defaultConfigurationName = Release;
		};
		02D009602BA90C630003B5AA /* Build configuration list for PBXNativeTarget "FirstStep" */ = {
			isa = XCConfigurationList;
			buildConfigurations = (
				02D009612BA90C630003B5AA /* Debug */,
				02D009622BA90C630003B5AA /* Release */,
			);
			defaultConfigurationIsVisible = 0;
			defaultConfigurationName = Release;
		};
/* End XCConfigurationList section */

/* Begin XCRemoteSwiftPackageReference section */
		02983AC22BC92E0E0011521C /* XCRemoteSwiftPackageReference "SnapKit" */ = {
			isa = XCRemoteSwiftPackageReference;
			repositoryURL = "https://github.com/SnapKit/SnapKit.git";
			requirement = {
				kind = upToNextMajorVersion;
				minimumVersion = 5.7.1;
			};
		};
		02DEA1502BAA9D360053B245 /* XCRemoteSwiftPackageReference "firebase-ios-sdk" */ = {
			isa = XCRemoteSwiftPackageReference;
			repositoryURL = "https://github.com/firebase/firebase-ios-sdk";
			requirement = {
				kind = upToNextMajorVersion;
				minimumVersion = 10.23.0;
			};
		};
/* End XCRemoteSwiftPackageReference section */

/* Begin XCSwiftPackageProductDependency section */
		02983AC32BC92E0E0011521C /* SnapKit */ = {
			isa = XCSwiftPackageProductDependency;
			package = 02983AC22BC92E0E0011521C /* XCRemoteSwiftPackageReference "SnapKit" */;
			productName = SnapKit;
		};
		02983AC72BC92E1F0011521C /* FirebaseAuth */ = {
			isa = XCSwiftPackageProductDependency;
			package = 02DEA1502BAA9D360053B245 /* XCRemoteSwiftPackageReference "firebase-ios-sdk" */;
			productName = FirebaseAuth;
		};
		02983AC92BC92E290011521C /* FirebaseStorage */ = {
			isa = XCSwiftPackageProductDependency;
			package = 02DEA1502BAA9D360053B245 /* XCRemoteSwiftPackageReference "firebase-ios-sdk" */;
			productName = FirebaseStorage;
		};
		02983ACB2BC92E2E0011521C /* FirebaseFirestore */ = {
			isa = XCSwiftPackageProductDependency;
			package = 02DEA1502BAA9D360053B245 /* XCRemoteSwiftPackageReference "firebase-ios-sdk" */;
			productName = FirebaseFirestore;
		};
		02983ACD2BC92E340011521C /* FirebaseFirestoreSwift */ = {
			isa = XCSwiftPackageProductDependency;
			package = 02DEA1502BAA9D360053B245 /* XCRemoteSwiftPackageReference "firebase-ios-sdk" */;
			productName = FirebaseFirestoreSwift;
		};
/* End XCSwiftPackageProductDependency section */
	};
	rootObject = 02D009442BA90C630003B5AA /* Project object */;
}
